// !$*UTF8*$!
{
	archiveVersion = 1;
	classes = {
	};
	objectVersion = 50;
	objects = {

/* Begin PBXBuildFile section */
		901FC11A2431433200F89ECC /* AppDelegate.swift in Sources */ = {isa = PBXBuildFile; fileRef = 901FC1192431433200F89ECC /* AppDelegate.swift */; };
		901FC11C2431433200F89ECC /* SceneDelegate.swift in Sources */ = {isa = PBXBuildFile; fileRef = 901FC11B2431433200F89ECC /* SceneDelegate.swift */; };
		901FC11E2431433200F89ECC /* ContentView.swift in Sources */ = {isa = PBXBuildFile; fileRef = 901FC11D2431433200F89ECC /* ContentView.swift */; };
		901FC1202431433600F89ECC /* Assets.xcassets in Resources */ = {isa = PBXBuildFile; fileRef = 901FC11F2431433600F89ECC /* Assets.xcassets */; };
		901FC1232431433600F89ECC /* Preview Assets.xcassets in Resources */ = {isa = PBXBuildFile; fileRef = 901FC1222431433600F89ECC /* Preview Assets.xcassets */; };
		901FC1262431433600F89ECC /* LaunchScreen.storyboard in Resources */ = {isa = PBXBuildFile; fileRef = 901FC1242431433600F89ECC /* LaunchScreen.storyboard */; };
		901FC12E2431439000F89ECC /* About Threes.rtf in Resources */ = {isa = PBXBuildFile; fileRef = 901FC12D2431439000F89ECC /* About Threes.rtf */; };
		901FC13024314A6E00F89ECC /* Card.swift in Sources */ = {isa = PBXBuildFile; fileRef = 901FC12F24314A6E00F89ECC /* Card.swift */; };
		90DC8FBC243A47B100B47649 /* CardImage.swift in Sources */ = {isa = PBXBuildFile; fileRef = 90DC8FBB243A47B100B47649 /* CardImage.swift */; };
/* End PBXBuildFile section */

/* Begin PBXFileReference section */
		901FC1162431433200F89ECC /* Card Flip.app */ = {isa = PBXFileReference; explicitFileType = wrapper.application; includeInIndex = 0; path = "Card Flip.app"; sourceTree = BUILT_PRODUCTS_DIR; };
		901FC1192431433200F89ECC /* AppDelegate.swift */ = {isa = PBXFileReference; lastKnownFileType = sourcecode.swift; path = AppDelegate.swift; sourceTree = "<group>"; };
		901FC11B2431433200F89ECC /* SceneDelegate.swift */ = {isa = PBXFileReference; lastKnownFileType = sourcecode.swift; path = SceneDelegate.swift; sourceTree = "<group>"; };
		901FC11D2431433200F89ECC /* ContentView.swift */ = {isa = PBXFileReference; lastKnownFileType = sourcecode.swift; path = ContentView.swift; sourceTree = "<group>"; };
		901FC11F2431433600F89ECC /* Assets.xcassets */ = {isa = PBXFileReference; lastKnownFileType = folder.assetcatalog; path = Assets.xcassets; sourceTree = "<group>"; };
		901FC1222431433600F89ECC /* Preview Assets.xcassets */ = {isa = PBXFileReference; lastKnownFileType = folder.assetcatalog; path = "Preview Assets.xcassets"; sourceTree = "<group>"; };
		901FC1252431433600F89ECC /* Base */ = {isa = PBXFileReference; lastKnownFileType = file.storyboard; name = Base; path = Base.lproj/LaunchScreen.storyboard; sourceTree = "<group>"; };
		901FC1272431433600F89ECC /* Info.plist */ = {isa = PBXFileReference; lastKnownFileType = text.plist.xml; path = Info.plist; sourceTree = "<group>"; };
		901FC12D2431439000F89ECC /* About Threes.rtf */ = {isa = PBXFileReference; fileEncoding = 4; lastKnownFileType = text.rtf; path = "About Threes.rtf"; sourceTree = "<group>"; };
		901FC12F24314A6E00F89ECC /* Card.swift */ = {isa = PBXFileReference; fileEncoding = 4; lastKnownFileType = sourcecode.swift; path = Card.swift; sourceTree = "<group>"; };
		90DC8FBB243A47B100B47649 /* CardImage.swift */ = {isa = PBXFileReference; lastKnownFileType = sourcecode.swift; path = CardImage.swift; sourceTree = "<group>"; };
/* End PBXFileReference section */

/* Begin PBXFrameworksBuildPhase section */
		901FC1132431433200F89ECC /* Frameworks */ = {
			isa = PBXFrameworksBuildPhase;
			buildActionMask = 2147483647;
			files = (
			);
			runOnlyForDeploymentPostprocessing = 0;
		};
/* End PBXFrameworksBuildPhase section */

/* Begin PBXGroup section */
		901FC10D2431433200F89ECC = {
			isa = PBXGroup;
			children = (
				90DC8FBB243A47B100B47649 /* CardImage.swift */,
				901FC1182431433200F89ECC /* Card Flip */,
				901FC1172431433200F89ECC /* Products */,
			);
			sourceTree = "<group>";
		};
		901FC1172431433200F89ECC /* Products */ = {
			isa = PBXGroup;
			children = (
				901FC1162431433200F89ECC /* Card Flip.app */,
			);
			name = Products;
			sourceTree = "<group>";
		};
		901FC1182431433200F89ECC /* Card Flip */ = {
			isa = PBXGroup;
			children = (
				901FC1192431433200F89ECC /* AppDelegate.swift */,
				901FC11B2431433200F89ECC /* SceneDelegate.swift */,
				901FC12F24314A6E00F89ECC /* Card.swift */,
				901FC12D2431439000F89ECC /* About Threes.rtf */,
				901FC11D2431433200F89ECC /* ContentView.swift */,
				901FC11F2431433600F89ECC /* Assets.xcassets */,
				901FC1242431433600F89ECC /* LaunchScreen.storyboard */,
				901FC1272431433600F89ECC /* Info.plist */,
				901FC1212431433600F89ECC /* Preview Content */,
			);
			path = "Card Flip";
			sourceTree = "<group>";
		};
		901FC1212431433600F89ECC /* Preview Content */ = {
			isa = PBXGroup;
			children = (
				901FC1222431433600F89ECC /* Preview Assets.xcassets */,
			);
			path = "Preview Content";
			sourceTree = "<group>";
		};
/* End PBXGroup section */

/* Begin PBXNativeTarget section */
		901FC1152431433200F89ECC /* Card Flip */ = {
			isa = PBXNativeTarget;
			buildConfigurationList = 901FC12A2431433600F89ECC /* Build configuration list for PBXNativeTarget "Card Flip" */;
			buildPhases = (
				901FC1122431433200F89ECC /* Sources */,
				901FC1132431433200F89ECC /* Frameworks */,
				901FC1142431433200F89ECC /* Resources */,
			);
			buildRules = (
			);
			dependencies = (
			);
			name = "Card Flip";
			productName = "Card Flip";
			productReference = 901FC1162431433200F89ECC /* Card Flip.app */;
			productType = "com.apple.product-type.application";
		};
/* End PBXNativeTarget section */

/* Begin PBXProject section */
		901FC10E2431433200F89ECC /* Project object */ = {
			isa = PBXProject;
			attributes = {
				LastSwiftUpdateCheck = 1140;
				LastUpgradeCheck = 1140;
				ORGANIZATIONNAME = "John James";
				TargetAttributes = {
					901FC1152431433200F89ECC = {
						CreatedOnToolsVersion = 11.4;
					};
				};
			};
			buildConfigurationList = 901FC1112431433200F89ECC /* Build configuration list for PBXProject "Card Flip" */;
			compatibilityVersion = "Xcode 9.3";
			developmentRegion = en;
			hasScannedForEncodings = 0;
			knownRegions = (
				en,
				Base,
			);
			mainGroup = 901FC10D2431433200F89ECC;
			productRefGroup = 901FC1172431433200F89ECC /* Products */;
			projectDirPath = "";
			projectRoot = "";
			targets = (
				901FC1152431433200F89ECC /* Card Flip */,
			);
		};
/* End PBXProject section */

/* Begin PBXResourcesBuildPhase section */
		901FC1142431433200F89ECC /* Resources */ = {
			isa = PBXResourcesBuildPhase;
			buildActionMask = 2147483647;
			files = (
				901FC12E2431439000F89ECC /* About Threes.rtf in Resources */,
				901FC1262431433600F89ECC /* LaunchScreen.storyboard in Resources */,
				901FC1232431433600F89ECC /* Preview Assets.xcassets in Resources */,
				901FC1202431433600F89ECC /* Assets.xcassets in Resources */,
			);
			runOnlyForDeploymentPostprocessing = 0;
		};
/* End PBXResourcesBuildPhase section */

/* Begin PBXSourcesBuildPhase section */
		901FC1122431433200F89ECC /* Sources */ = {
			isa = PBXSourcesBuildPhase;
			buildActionMask = 2147483647;
			files = (
				901FC11A2431433200F89ECC /* AppDelegate.swift in Sources */,
				90DC8FBC243A47B100B47649 /* CardImage.swift in Sources */,
				901FC11C2431433200F89ECC /* SceneDelegate.swift in Sources */,
				901FC11E2431433200F89ECC /* ContentView.swift in Sources */,
				901FC13024314A6E00F89ECC /* Card.swift in Sources */,
			);
			runOnlyForDeploymentPostprocessing = 0;
		};
/* End PBXSourcesBuildPhase section */

/* Begin PBXVariantGroup section */
		901FC1242431433600F89ECC /* LaunchScreen.storyboard */ = {
			isa = PBXVariantGroup;
			children = (
				901FC1252431433600F89ECC /* Base */,
			);
			name = LaunchScreen.storyboard;
			sourceTree = "<group>";
		};
/* End PBXVariantGroup section */

/* Begin XCBuildConfiguration section */
		901FC1282431433600F89ECC /* Debug */ = {
			isa = XCBuildConfiguration;
			buildSettings = {
				ALWAYS_SEARCH_USER_PATHS = NO;
				CLANG_ANALYZER_NONNULL = YES;
				CLANG_ANALYZER_NUMBER_OBJECT_CONVERSION = YES_AGGRESSIVE;
				CLANG_CXX_LANGUAGE_STANDARD = "gnu++14";
				CLANG_CXX_LIBRARY = "libc++";
				CLANG_ENABLE_MODULES = YES;
				CLANG_ENABLE_OBJC_ARC = YES;
				CLANG_ENABLE_OBJC_WEAK = YES;
				CLANG_WARN_BLOCK_CAPTURE_AUTORELEASING = YES;
				CLANG_WARN_BOOL_CONVERSION = YES;
				CLANG_WARN_COMMA = YES;
				CLANG_WARN_CONSTANT_CONVERSION = YES;
				CLANG_WARN_DEPRECATED_OBJC_IMPLEMENTATIONS = YES;
				CLANG_WARN_DIRECT_OBJC_ISA_USAGE = YES_ERROR;
				CLANG_WARN_DOCUMENTATION_COMMENTS = YES;
				CLANG_WARN_EMPTY_BODY = YES;
				CLANG_WARN_ENUM_CONVERSION = YES;
				CLANG_WARN_INFINITE_RECURSION = YES;
				CLANG_WARN_INT_CONVERSION = YES;
				CLANG_WARN_NON_LITERAL_NULL_CONVERSION = YES;
				CLANG_WARN_OBJC_IMPLICIT_RETAIN_SELF = YES;
				CLANG_WARN_OBJC_LITERAL_CONVERSION = YES;
				CLANG_WARN_OBJC_ROOT_CLASS = YES_ERROR;
				CLANG_WARN_RANGE_LOOP_ANALYSIS = YES;
				CLANG_WARN_STRICT_PROTOTYPES = YES;
				CLANG_WARN_SUSPICIOUS_MOVE = YES;
				CLANG_WARN_UNGUARDED_AVAILABILITY = YES_AGGRESSIVE;
				CLANG_WARN_UNREACHABLE_CODE = YES;
				CLANG_WARN__DUPLICATE_METHOD_MATCH = YES;
				COPY_PHASE_STRIP = NO;
				DEBUG_INFORMATION_FORMAT = dwarf;
				ENABLE_STRICT_OBJC_MSGSEND = YES;
				ENABLE_TESTABILITY = YES;
				GCC_C_LANGUAGE_STANDARD = gnu11;
				GCC_DYNAMIC_NO_PIC = NO;
				GCC_NO_COMMON_BLOCKS = YES;
				GCC_OPTIMIZATION_LEVEL = 0;
				GCC_PREPROCESSOR_DEFINITIONS = (
					"DEBUG=1",
					"$(inherited)",
				);
				GCC_WARN_64_TO_32_BIT_CONVERSION = YES;
				GCC_WARN_ABOUT_RETURN_TYPE = YES_ERROR;
				GCC_WARN_UNDECLARED_SELECTOR = YES;
				GCC_WARN_UNINITIALIZED_AUTOS = YES_AGGRESSIVE;
				GCC_WARN_UNUSED_FUNCTION = YES;
				GCC_WARN_UNUSED_VARIABLE = YES;
				IPHONEOS_DEPLOYMENT_TARGET = 13.4;
				MTL_ENABLE_DEBUG_INFO = INCLUDE_SOURCE;
				MTL_FAST_MATH = YES;
				ONLY_ACTIVE_ARCH = YES;
				SDKROOT = iphoneos;
				SWIFT_ACTIVE_COMPILATION_CONDITIONS = DEBUG;
				SWIFT_OPTIMIZATION_LEVEL = "-Onone";
			};
			name = Debug;
		};
		901FC1292431433600F89ECC /* Release */ = {
			isa = XCBuildConfiguration;
			buildSettings = {
				ALWAYS_SEARCH_USER_PATHS = NO;
				CLANG_ANALYZER_NONNULL = YES;
				CLANG_ANALYZER_NUMBER_OBJECT_CONVERSION = YES_AGGRESSIVE;
				CLANG_CXX_LANGUAGE_STANDARD = "gnu++14";
				CLANG_CXX_LIBRARY = "libc++";
				CLANG_ENABLE_MODULES = YES;
				CLANG_ENABLE_OBJC_ARC = YES;
				CLANG_ENABLE_OBJC_WEAK = YES;
				CLANG_WARN_BLOCK_CAPTURE_AUTORELEASING = YES;
				CLANG_WARN_BOOL_CONVERSION = YES;
				CLANG_WARN_COMMA = YES;
				CLANG_WARN_CONSTANT_CONVERSION = YES;
				CLANG_WARN_DEPRECATED_OBJC_IMPLEMENTATIONS = YES;
				CLANG_WARN_DIRECT_OBJC_ISA_USAGE = YES_ERROR;
				CLANG_WARN_DOCUMENTATION_COMMENTS = YES;
				CLANG_WARN_EMPTY_BODY = YES;
				CLANG_WARN_ENUM_CONVERSION = YES;
				CLANG_WARN_INFINITE_RECURSION = YES;
				CLANG_WARN_INT_CONVERSION = YES;
				CLANG_WARN_NON_LITERAL_NULL_CONVERSION = YES;
				CLANG_WARN_OBJC_IMPLICIT_RETAIN_SELF = YES;
				CLANG_WARN_OBJC_LITERAL_CONVERSION = YES;
				CLANG_WARN_OBJC_ROOT_CLASS = YES_ERROR;
				CLANG_WARN_RANGE_LOOP_ANALYSIS = YES;
				CLANG_WARN_STRICT_PROTOTYPES = YES;
				CLANG_WARN_SUSPICIOUS_MOVE = YES;
				CLANG_WARN_UNGUARDED_AVAILABILITY = YES_AGGRESSIVE;
				CLANG_WARN_UNREACHABLE_CODE = YES;
				CLANG_WARN__DUPLICATE_METHOD_MATCH = YES;
				COPY_PHASE_STRIP = NO;
				DEBUG_INFORMATION_FORMAT = "dwarf-with-dsym";
				ENABLE_NS_ASSERTIONS = NO;
				ENABLE_STRICT_OBJC_MSGSEND = YES;
				GCC_C_LANGUAGE_STANDARD = gnu11;
				GCC_NO_COMMON_BLOCKS = YES;
				GCC_WARN_64_TO_32_BIT_CONVERSION = YES;
				GCC_WARN_ABOUT_RETURN_TYPE = YES_ERROR;
				GCC_WARN_UNDECLARED_SELECTOR = YES;
				GCC_WARN_UNINITIALIZED_AUTOS = YES_AGGRESSIVE;
				GCC_WARN_UNUSED_FUNCTION = YES;
				GCC_WARN_UNUSED_VARIABLE = YES;
				IPHONEOS_DEPLOYMENT_TARGET = 13.4;
				MTL_ENABLE_DEBUG_INFO = NO;
				MTL_FAST_MATH = YES;
				SDKROOT = iphoneos;
				SWIFT_COMPILATION_MODE = wholemodule;
				SWIFT_OPTIMIZATION_LEVEL = "-O";
				VALIDATE_PRODUCT = YES;
			};
			name = Release;
		};
		901FC12B2431433600F89ECC /* Debug */ = {
			isa = XCBuildConfiguration;
			buildSettings = {
				ASSETCATALOG_COMPILER_APPICON_NAME = AppIcon;
				CODE_SIGN_STYLE = Automatic;
				DEVELOPMENT_ASSET_PATHS = "\"Card Flip/Preview Content\"";
				DEVELOPMENT_TEAM = 8SY9TK4CFL;
				ENABLE_PREVIEWS = YES;
				INFOPLIST_FILE = "Card Flip/Info.plist";
				LD_RUNPATH_SEARCH_PATHS = (
					"$(inherited)",
					"@executable_path/Frameworks",
				);
				PRODUCT_BUNDLE_IDENTIFIER = "com-jjamespacbell.Card-Flip";
				PRODUCT_NAME = "$(TARGET_NAME)";
				SWIFT_VERSION = 5.0;
				TARGETED_DEVICE_FAMILY = "1,2";
			};
			name = Debug;
		};
		901FC12C2431433600F89ECC /* Release */ = {
			isa = XCBuildConfiguration;
			buildSettings = {
				ASSETCATALOG_COMPILER_APPICON_NAME = AppIcon;
				CODE_SIGN_STYLE = Automatic;
				DEVELOPMENT_ASSET_PATHS = "\"Card Flip/Preview Content\"";
				DEVELOPMENT_TEAM = 8SY9TK4CFL;
				ENABLE_PREVIEWS = YES;
				INFOPLIST_FILE = "Card Flip/Info.plist";
				LD_RUNPATH_SEARCH_PATHS = (
					"$(inherited)",
					"@executable_path/Frameworks",
				);
				PRODUCT_BUNDLE_IDENTIFIER = "com-jjamespacbell.Card-Flip";
				PRODUCT_NAME = "$(TARGET_NAME)";
				SWIFT_VERSION = 5.0;
				TARGETED_DEVICE_FAMILY = "1,2";
			};
			name = Release;
		};
/* End XCBuildConfiguration section */

/* Begin XCConfigurationList section */
		901FC1112431433200F89ECC /* Build configuration list for PBXProject "Card Flip" */ = {
			isa = XCConfigurationList;
			buildConfigurations = (
				901FC1282431433600F89ECC /* Debug */,
				901FC1292431433600F89ECC /* Release */,
			);
			defaultConfigurationIsVisible = 0;
			defaultConfigurationName = Release;
		};
		901FC12A2431433600F89ECC /* Build configuration list for PBXNativeTarget "Card Flip" */ = {
			isa = XCConfigurationList;
			buildConfigurations = (
				901FC12B2431433600F89ECC /* Debug */,
				901FC12C2431433600F89ECC /* Release */,
			);
			defaultConfigurationIsVisible = 0;
			defaultConfigurationName = Release;
		};
/* End XCConfigurationList section */
	};
	rootObject = 901FC10E2431433200F89ECC /* Project object */;
}
